
Microsoft Visual Studio Solution File, Format Version 12.00
Project("{FAE04EC0-301F-11D3-BF4B-00C04F79EFBC}") = "Monydragons-Portfolio", "Monydragons-Portfolio.csproj", "{24CC1CE2-D7DD-467E-AF57-1AD8EC79D690}"
EndProject
Global
	GlobalSection(SolutionConfigurationPlatforms) = preSolution
		Debug|Any CPU = Debug|Any CPU
		Release|Any CPU = Release|Any CPU
	EndGlobalSection
	GlobalSection(ProjectConfigurationPlatforms) = postSolution
		{24CC1CE2-D7DD-467E-AF57-1AD8EC79D690}.Debug|Any CPU.ActiveCfg = Debug|Any CPU
		{24CC1CE2-D7DD-467E-AF57-1AD8EC79D690}.Debug|Any CPU.Build.0 = Debug|Any CPU
		{24CC1CE2-D7DD-467E-AF57-1AD8EC79D690}.Release|Any CPU.ActiveCfg = Release|Any CPU
		{24CC1CE2-D7DD-467E-AF57-1AD8EC79D690}.Release|Any CPU.Build.0 = Release|Any CPU
	EndGlobalSection
EndGlobal
